
Microsoft Visual Studio Solution File, Format Version 12.00
# Visual Studio Version 17
VisualStudioVersion = 17.5.002.0
MinimumVisualStudioVersion = 10.0.40219.1
Project("{9A19103F-16F7-4668-BE54-9A1E7A4F7556}") = "ProvaPOO2", "ProvaPOO2.csproj", "{D2FCA2A9-76A4-44AD-BFB3-CAB9463519BA}"
EndProject
Global
	GlobalSection(SolutionConfigurationPlatforms) = preSolution
		Debug|Any CPU = Debug|Any CPU
		Release|Any CPU = Release|Any CPU
	EndGlobalSection
	GlobalSection(ProjectConfigurationPlatforms) = postSolution
		{D2FCA2A9-76A4-44AD-BFB3-CAB9463519BA}.Debug|Any CPU.ActiveCfg = Debug|Any CPU
		{D2FCA2A9-76A4-44AD-BFB3-CAB9463519BA}.Debug|Any CPU.Build.0 = Debug|Any CPU
		{D2FCA2A9-76A4-44AD-BFB3-CAB9463519BA}.Release|Any CPU.ActiveCfg = Release|Any CPU
		{D2FCA2A9-76A4-44AD-BFB3-CAB9463519BA}.Release|Any CPU.Build.0 = Release|Any CPU
	EndGlobalSection
	GlobalSection(SolutionProperties) = preSolution
		HideSolutionNode = FALSE
	EndGlobalSection
	GlobalSection(ExtensibilityGlobals) = postSolution
		SolutionGuid = {C8C31E37-334C-4E8C-BDC7-31C0128E79A8}
	EndGlobalSection
EndGlobal
